
Microsoft Visual Studio Solution File, Format Version 12.00
# Visual Studio Version 17
VisualStudioVersion = 17.3.32901.215
MinimumVisualStudioVersion = 10.0.40219.1
Project("{FAE04EC0-301F-11D3-BF4B-00C04F79EFBC}") = "NotepadForm", "NotepadForm\NotepadForm.csproj", "{D84819C0-9819-478D-BC30-67105D367902}"
EndProject
Project("{FAE04EC0-301F-11D3-BF4B-00C04F79EFBC}") = "NotepadClasses", "NotepadClasses\NotepadClasses.csproj", "{B71FDBEB-48F4-4C8E-BFF8-0CF3F88A109D}"
EndProject
Global
	GlobalSection(SolutionConfigurationPlatforms) = preSolution
		Debug|Any CPU = Debug|Any CPU
		Release|Any CPU = Release|Any CPU
	EndGlobalSection
	GlobalSection(ProjectConfigurationPlatforms) = postSolution
		{D84819C0-9819-478D-BC30-67105D367902}.Debug|Any CPU.ActiveCfg = Debug|Any CPU
		{D84819C0-9819-478D-BC30-67105D367902}.Debug|Any CPU.Build.0 = Debug|Any CPU
		{D84819C0-9819-478D-BC30-67105D367902}.Release|Any CPU.ActiveCfg = Release|Any CPU
		{D84819C0-9819-478D-BC30-67105D367902}.Release|Any CPU.Build.0 = Release|Any CPU
		{B71FDBEB-48F4-4C8E-BFF8-0CF3F88A109D}.Debug|Any CPU.ActiveCfg = Debug|Any CPU
		{B71FDBEB-48F4-4C8E-BFF8-0CF3F88A109D}.Debug|Any CPU.Build.0 = Debug|Any CPU
		{B71FDBEB-48F4-4C8E-BFF8-0CF3F88A109D}.Release|Any CPU.ActiveCfg = Release|Any CPU
		{B71FDBEB-48F4-4C8E-BFF8-0CF3F88A109D}.Release|Any CPU.Build.0 = Release|Any CPU
	EndGlobalSection
	GlobalSection(SolutionProperties) = preSolution
		HideSolutionNode = FALSE
	EndGlobalSection
	GlobalSection(ExtensibilityGlobals) = postSolution
		SolutionGuid = {0284BB6C-1646-42F0-B949-D6EF62F2984A}
	EndGlobalSection
EndGlobal
